
Microsoft Visual Studio Solution File, Format Version 12.00
# Visual Studio Version 16
VisualStudioVersion = 16.0.30104.148
MinimumVisualStudioVersion = 10.0.40219.1
Project("{FAE04EC0-301F-11D3-BF4B-00C04F79EFBC}") = "Web", "Web\Web.csproj", "{7E5CEC1C-E0E1-48D8-8B98-E727D952F7FE}"
EndProject
Project("{FAE04EC0-301F-11D3-BF4B-00C04F79EFBC}") = "Core", "Core\Core.csproj", "{67F3DB26-1E71-4C08-AE0D-A66CEA472129}"
EndProject
Project("{FAE04EC0-301F-11D3-BF4B-00C04F79EFBC}") = "Infrastructure", "Infrastructure\Infrastructure.csproj", "{1FFAFEDE-B5F3-4C2F-9931-5CE729F991BA}"
EndProject
Project("{2150E333-8FDC-42A3-9474-1A3956D46DE8}") = "Solution Items", "Solution Items", "{FFEFB5EC-DD9B-424C-BE36-FB314F8DEB33}"
	ProjectSection(SolutionItems) = preProject
		info.txt = info.txt
	EndProjectSection
EndProject
Global
	GlobalSection(SolutionConfigurationPlatforms) = preSolution
		Debug|Any CPU = Debug|Any CPU
		Release|Any CPU = Release|Any CPU
	EndGlobalSection
	GlobalSection(ProjectConfigurationPlatforms) = postSolution
		{7E5CEC1C-E0E1-48D8-8B98-E727D952F7FE}.Debug|Any CPU.ActiveCfg = Debug|Any CPU
		{7E5CEC1C-E0E1-48D8-8B98-E727D952F7FE}.Debug|Any CPU.Build.0 = Debug|Any CPU
		{7E5CEC1C-E0E1-48D8-8B98-E727D952F7FE}.Release|Any CPU.ActiveCfg = Release|Any CPU
		{7E5CEC1C-E0E1-48D8-8B98-E727D952F7FE}.Release|Any CPU.Build.0 = Release|Any CPU
		{67F3DB26-1E71-4C08-AE0D-A66CEA472129}.Debug|Any CPU.ActiveCfg = Debug|Any CPU
		{67F3DB26-1E71-4C08-AE0D-A66CEA472129}.Debug|Any CPU.Build.0 = Debug|Any CPU
		{67F3DB26-1E71-4C08-AE0D-A66CEA472129}.Release|Any CPU.ActiveCfg = Release|Any CPU
		{67F3DB26-1E71-4C08-AE0D-A66CEA472129}.Release|Any CPU.Build.0 = Release|Any CPU
		{1FFAFEDE-B5F3-4C2F-9931-5CE729F991BA}.Debug|Any CPU.ActiveCfg = Debug|Any CPU
		{1FFAFEDE-B5F3-4C2F-9931-5CE729F991BA}.Debug|Any CPU.Build.0 = Debug|Any CPU
		{1FFAFEDE-B5F3-4C2F-9931-5CE729F991BA}.Release|Any CPU.ActiveCfg = Release|Any CPU
		{1FFAFEDE-B5F3-4C2F-9931-5CE729F991BA}.Release|Any CPU.Build.0 = Release|Any CPU
	EndGlobalSection
	GlobalSection(SolutionProperties) = preSolution
		HideSolutionNode = FALSE
	EndGlobalSection
	GlobalSection(ExtensibilityGlobals) = postSolution
		SolutionGuid = {DC762AB0-B02E-49DA-BB92-D624A7A93593}
	EndGlobalSection
EndGlobal
